
Microsoft Visual Studio Solution File, Format Version 12.00
# Visual Studio 2013
VisualStudioVersion = 12.0.30501.0
MinimumVisualStudioVersion = 10.0.40219.1
Project("{E24C65DC-7377-472B-9ABA-BC803B73C61A}") = "Blog(1)", "http://localhost:51702", "{F1861F04-DF6F-4403-B9FB-515C564D71E3}"
	ProjectSection(WebsiteProperties) = preProject
		UseIISExpress = "true"
		TargetFrameworkMoniker = ".NETFramework,Version%3Dv4.0"
		Debug.AspNetCompiler.VirtualPath = "/localhost_51702"
		Debug.AspNetCompiler.PhysicalPath = "..\..\..\GitHub\Blog\"
		Debug.AspNetCompiler.TargetPath = "PrecompiledWeb\localhost_51702\"
		Debug.AspNetCompiler.Updateable = "true"
		Debug.AspNetCompiler.ForceOverwrite = "true"
		Debug.AspNetCompiler.FixedNames = "false"
		Debug.AspNetCompiler.Debug = "True"
		Release.AspNetCompiler.VirtualPath = "/localhost_51702"
		Release.AspNetCompiler.PhysicalPath = "..\..\..\GitHub\Blog\"
		Release.AspNetCompiler.TargetPath = "PrecompiledWeb\localhost_51702\"
		Release.AspNetCompiler.Updateable = "true"
		Release.AspNetCompiler.ForceOverwrite = "true"
		Release.AspNetCompiler.FixedNames = "false"
		Release.AspNetCompiler.Debug = "False"
		SlnRelativePath = "..\..\..\GitHub\Blog\"
	EndProjectSection
EndProject
Global
	GlobalSection(SolutionConfigurationPlatforms) = preSolution
		Debug|Any CPU = Debug|Any CPU
	EndGlobalSection
	GlobalSection(ProjectConfigurationPlatforms) = postSolution
		{F1861F04-DF6F-4403-B9FB-515C564D71E3}.Debug|Any CPU.ActiveCfg = Debug|Any CPU
		{F1861F04-DF6F-4403-B9FB-515C564D71E3}.Debug|Any CPU.Build.0 = Debug|Any CPU
	EndGlobalSection
	GlobalSection(SolutionProperties) = preSolution
		HideSolutionNode = FALSE
	EndGlobalSection
EndGlobal
